{
  "nodes": {
    "flake-utils": {
      "locked": {
        "lastModified": 1676283394,
        "narHash": "sha256-XX2f9c3iySLCw54rJ/CZs+ZK6IQy7GXNY4nSOyu2QG4=",
        "owner": "numtide",
        "repo": "flake-utils",
        "rev": "3db36a8b464d0c4532ba1c7dda728f4576d6d073",
        "type": "github"
      },
      "original": {
        "owner": "numtide",
        "repo": "flake-utils",
        "type": "github"
      }
    },
    "nixpkgs2023-04-17": {
      "locked": {
        "lastModified": 1681693905,
        "narHash": "sha256-XdXMvCt+i2ZcmAIPZvu3RUwcdaC9OX7d1WMAJJokzeA=",
        "owner": "NixOS",
        "repo": "nixpkgs",
        "rev": "db34d7561caa508ece0265a56f382c5d3b7a6c1b",
        "type": "github"
      },
      "original": {
        "owner": "NixOS",
        "ref": "nixpkgs-unstable",
        "repo": "nixpkgs",
        "type": "github"
      }
    },
    "nixpkgs2024-04-20": {
      "locked": {
        "lastModified": 1713562564,
        "narHash": "sha256-NQpYhgoy0M89g9whRixSwsHb8RFIbwlxeYiVSDwSXJg=",
        "owner": "NixOS",
        "repo": "nixpkgs",
        "rev": "92d295f588631b0db2da509f381b4fb1e74173c5",
        "type": "github"
      },
      "original": {
        "owner": "NixOS",
        "ref": "nixpkgs-unstable",
        "repo": "nixpkgs",
        "type": "github"
      }
    },
    "nixpkgs2024-04-25": {
      "locked": {
        "lastModified": 1716451822,
        "narHash": "sha256-0lT5RVelqN+dgXWWneXvV5ufSksW0r0TDQi8O6U2+o8=",
        "owner": "NixOS",
        "repo": "nixpkgs",
        "rev": "3305b2b25e4ae4baee872346eae133cf6f611783",
        "type": "github"
      },
      "original": {
        "owner": "NixOS",
        "ref": "nixpkgs-unstable",
        "repo": "nixpkgs",
        "type": "github"
      }
    },
    "root": {
      "inputs": {
        "flake-utils": "flake-utils",
        "nixpkgs2023-04-17": "nixpkgs2023-04-17",
        "nixpkgs2024-04-20": "nixpkgs2024-04-20",
        "nixpkgs2024-04-25": "nixpkgs2024-04-25"
      }
    }
  },
  "root": "root",
  "version": 7
}
